{
  "dependencies": {
    "user": {
      "integrity": "sha1-8n8bI/xRHyqO+kDbVc+6Ejgk4Co=",
      "resolved": "https://registry.npmjs.org/user/-/user-0.0.0.tgz",
      "version": "0.0.0"
    }
  },
  "lockfileVersion": 2,
  "name": "swagger-nodegen-cli",
  "packages": {
    "": {
      "bin": {
        "sc": "bin/swagger-codegen-cli.js",
        "swagger-codegen-cli": "bin/swagger-codegen-cli.js",
        "swagger-nodegen-cli": "bin/swagger-codegen-cli.js"
      },
      "dependencies": {
        "user": "^0.0.0"
      },
      "license": "Apache-2.0",
      "name": "swagger-nodegen-cli",
      "version": "3.0.63"
    },
    "node_modules/user": {
      "integrity": "sha1-8n8bI/xRHyqO+kDbVc+6Ejgk4Co=",
      "resolved": "https://registry.npmjs.org/user/-/user-0.0.0.tgz",
      "version": "0.0.0"
    }
  },
  "requires": true,
  "version": "3.0.63"
}
